// !$*UTF8*$!
{
	archiveVersion = 1;
	classes = {
	};
	objectVersion = 77;
	objects = {

/* Begin PBXBuildFile section */
		130862FF85B509435312CB5E /* ReaderView.swift in Sources */ = {isa = PBXBuildFile; fileRef = DD459C22BE11F681F28C2F38 /* ReaderView.swift */; };
		2CC4FCA30B43919EBE99690B /* LibraryViewModel.swift in Sources */ = {isa = PBXBuildFile; fileRef = F1F2885B0666E3F9BE5689F9 /* LibraryViewModel.swift */; };
		312DD4B589175DEA77C410C6 /* ActivityView.swift in Sources */ = {isa = PBXBuildFile; fileRef = 2A25853A38F0BC5127176B04 /* ActivityView.swift */; };
		357E6825CEFEFA8EA5B45966 /* LanraragiDeskApp.swift in Sources */ = {isa = PBXBuildFile; fileRef = FF5978E02C65E10E0EEF7643 /* LanraragiDeskApp.swift */; };
		3698660AF1E0714F3D6AD2D1 /* PluginsViewModel.swift in Sources */ = {isa = PBXBuildFile; fileRef = FFD900A7362E768EBA9F7DB7 /* PluginsViewModel.swift */; };
		44067B787F238A575A8D41E2 /* ActivityStore.swift in Sources */ = {isa = PBXBuildFile; fileRef = EE2BADC8CB7C849ECEB31B07 /* ActivityStore.swift */; };
		462D167127B78592933CCE35 /* AppModel.swift in Sources */ = {isa = PBXBuildFile; fileRef = 64DB4339053B57ED7A535ED8 /* AppModel.swift */; };
		4984C7D6A3203AFF6C091E10 /* TagSuggestionStore.swift in Sources */ = {isa = PBXBuildFile; fileRef = 1FFDF919F3AE218E040DC8AA /* TagSuggestionStore.swift */; };
		4CF1B22A3D290E0F65F546D7 /* NotMatchesView.swift in Sources */ = {isa = PBXBuildFile; fileRef = 99C7CE21E9CCBADBAD7844A7 /* NotMatchesView.swift */; };
		4F936559E518E116AD570EFD /* ActivityEvent.swift in Sources */ = {isa = PBXBuildFile; fileRef = 58F7CF159983299EE64C06C5 /* ActivityEvent.swift */; };
		5113E07D4F781D2AA690F2D9 /* DuplicateScanViewModel.swift in Sources */ = {isa = PBXBuildFile; fileRef = 54B3E61F93FAE6A29E18E911 /* DuplicateScanViewModel.swift */; };
		56699C58563F360A17193162 /* DebugFrameNumber.swift in Sources */ = {isa = PBXBuildFile; fileRef = EA0092A389E3EFF8BEBF77C7 /* DebugFrameNumber.swift */; };
		58B951D7DC8BBF39CCCFC850 /* CoverThumb.swift in Sources */ = {isa = PBXBuildFile; fileRef = 72C4199C56747CD950398BF5 /* CoverThumb.swift */; };
		5B9F2A7E4BF06F067B673D03 /* SettingsView.swift in Sources */ = {isa = PBXBuildFile; fileRef = 55DB22001120CA1D977F2D22 /* SettingsView.swift */; };
		620299CE6B0D63E89CD8F9CF /* SelectionModel.swift in Sources */ = {isa = PBXBuildFile; fileRef = 085B815307B1D671DBC3ABFF /* SelectionModel.swift */; };
		6B35F39BF0AD26CD55A13641 /* ThumbnailLoader.swift in Sources */ = {isa = PBXBuildFile; fileRef = 459B7EE09D6D1F08753A893C /* ThumbnailLoader.swift */; };
		6EE68711387D794F38396D14 /* LanraragiKit in Frameworks */ = {isa = PBXBuildFile; productRef = 426F45F44E9E4A6E4A031FB6 /* LanraragiKit */; };
		6FACD0CFFB200075847A6B9C /* AppPaths.swift in Sources */ = {isa = PBXBuildFile; fileRef = 99CBA245A79722298EB8ADD5 /* AppPaths.swift */; };
		7065DE50731D88BE5A3F6C36 /* ReaderRoute.swift in Sources */ = {isa = PBXBuildFile; fileRef = D0B4C016BE5ACCF114FD7456 /* ReaderRoute.swift */; };
		7542369653C2D01A55CA1E70 /* IndexingViewModel.swift in Sources */ = {isa = PBXBuildFile; fileRef = 93C3DC7516031BE8557B0B91 /* IndexingViewModel.swift */; };
		761D1B8EA5AA5B4393BF2DEC /* AppSettings.swift in Sources */ = {isa = PBXBuildFile; fileRef = 2EB1A7A3D3F4CAEBC2BDFB69 /* AppSettings.swift */; };
		7E613CA1B3641F9B7D503358 /* StatisticsView.swift in Sources */ = {isa = PBXBuildFile; fileRef = E21E702AD8E780D4140E265F /* StatisticsView.swift */; };
		81121218A63AD524889E730E /* ProfileEditorMode.swift in Sources */ = {isa = PBXBuildFile; fileRef = D02DE20BBA0EE2C6AF4692AB /* ProfileEditorMode.swift */; };
		832E8A0D72B1728D28B249D3 /* ArchiveLoader.swift in Sources */ = {isa = PBXBuildFile; fileRef = 92B6686EDCF99DFFC6D32B78 /* ArchiveLoader.swift */; };
		90FB6505F5E662992751636C /* PluginsView.swift in Sources */ = {isa = PBXBuildFile; fileRef = 5AEFB9CCF40215DA9778ED91 /* PluginsView.swift */; };
		969C5A238935EE3AC7799BA0 /* BatchView.swift in Sources */ = {isa = PBXBuildFile; fileRef = 40493C363CC7F009DAFF416E /* BatchView.swift */; };
		96D5A2C599CC0A85C3973D9C /* ConnectionHeaderCard.swift in Sources */ = {isa = PBXBuildFile; fileRef = 8BFCDFAA8ABFDE74C7D3EC0D /* ConnectionHeaderCard.swift */; };
		9789B431AA03054EAF70EF31 /* LibraryView.swift in Sources */ = {isa = PBXBuildFile; fileRef = 8590743AAA05E109BCF48A6E /* LibraryView.swift */; };
		9DDDA0347F89382A644FB753 /* ImageDownsampler.swift in Sources */ = {isa = PBXBuildFile; fileRef = 6032C435F51A77975C1008D7 /* ImageDownsampler.swift */; };
		A61E0D2D3C11ED4C7489E96D /* ReaderFitMode.swift in Sources */ = {isa = PBXBuildFile; fileRef = CA2F400E81B9A7C645B84CDD /* ReaderFitMode.swift */; };
		B276D2843F10809C7F019FCD /* PairReviewView.swift in Sources */ = {isa = PBXBuildFile; fileRef = 76DFDA70F6C8EF04285A3BAE /* PairReviewView.swift */; };
		DD475A3240478B7C7950CDE2 /* ReaderDirection.swift in Sources */ = {isa = PBXBuildFile; fileRef = A9EC55E639FCDA50A382AA2A /* ReaderDirection.swift */; };
		DDDB37F2CDB1F904FAFF1F3C /* KeychainService.swift in Sources */ = {isa = PBXBuildFile; fileRef = D3A8A1896B87FF041125DD84 /* KeychainService.swift */; };
		DE9EFC3A45B2EDD7BBEEF9A0 /* ProfileEditorView.swift in Sources */ = {isa = PBXBuildFile; fileRef = 53E76144EA3A608FC23C8A94 /* ProfileEditorView.swift */; };
		E53EB607E67003100933762A /* Profile.swift in Sources */ = {isa = PBXBuildFile; fileRef = B86D008FE0E3FC57FBA6B31A /* Profile.swift */; };
		E5E8202DF4A40005368F7C48 /* ArchiveMetadataEditorView.swift in Sources */ = {isa = PBXBuildFile; fileRef = 4A28E2C8C9D122163053F6A1 /* ArchiveMetadataEditorView.swift */; };
		ECF1462FD0BB7D27A7E48FE3 /* ErrorPresenter.swift in Sources */ = {isa = PBXBuildFile; fileRef = 301B8E3B58DBC2553F8AF7D8 /* ErrorPresenter.swift */; };
		F71E979E397E14D574791B80 /* ProfileStore.swift in Sources */ = {isa = PBXBuildFile; fileRef = D0705B9BBB876D1BB705AA53 /* ProfileStore.swift */; };
		FA5BDE6D31A4CC65C617F51F /* RootView.swift in Sources */ = {isa = PBXBuildFile; fileRef = 358F4E9A6F34DDEB4C2966B1 /* RootView.swift */; };
/* End PBXBuildFile section */

/* Begin PBXFileReference section */
		085B815307B1D671DBC3ABFF /* SelectionModel.swift */ = {isa = PBXFileReference; lastKnownFileType = sourcecode.swift; path = SelectionModel.swift; sourceTree = "<group>"; };
		1FFDF919F3AE218E040DC8AA /* TagSuggestionStore.swift */ = {isa = PBXFileReference; lastKnownFileType = sourcecode.swift; path = TagSuggestionStore.swift; sourceTree = "<group>"; };
		2A25853A38F0BC5127176B04 /* ActivityView.swift */ = {isa = PBXFileReference; lastKnownFileType = sourcecode.swift; path = ActivityView.swift; sourceTree = "<group>"; };
		2EB1A7A3D3F4CAEBC2BDFB69 /* AppSettings.swift */ = {isa = PBXFileReference; lastKnownFileType = sourcecode.swift; path = AppSettings.swift; sourceTree = "<group>"; };
		301B8E3B58DBC2553F8AF7D8 /* ErrorPresenter.swift */ = {isa = PBXFileReference; lastKnownFileType = sourcecode.swift; path = ErrorPresenter.swift; sourceTree = "<group>"; };
		358F4E9A6F34DDEB4C2966B1 /* RootView.swift */ = {isa = PBXFileReference; lastKnownFileType = sourcecode.swift; path = RootView.swift; sourceTree = "<group>"; };
		367FD6B12C893A96F63201E8 /* LanraragiDesk.app */ = {isa = PBXFileReference; explicitFileType = wrapper.application; includeInIndex = 0; path = LanraragiDesk.app; sourceTree = BUILT_PRODUCTS_DIR; };
		40493C363CC7F009DAFF416E /* BatchView.swift */ = {isa = PBXFileReference; lastKnownFileType = sourcecode.swift; path = BatchView.swift; sourceTree = "<group>"; };
		459B7EE09D6D1F08753A893C /* ThumbnailLoader.swift */ = {isa = PBXFileReference; lastKnownFileType = sourcecode.swift; path = ThumbnailLoader.swift; sourceTree = "<group>"; };
		4A28E2C8C9D122163053F6A1 /* ArchiveMetadataEditorView.swift */ = {isa = PBXFileReference; lastKnownFileType = sourcecode.swift; path = ArchiveMetadataEditorView.swift; sourceTree = "<group>"; };
		53E76144EA3A608FC23C8A94 /* ProfileEditorView.swift */ = {isa = PBXFileReference; lastKnownFileType = sourcecode.swift; path = ProfileEditorView.swift; sourceTree = "<group>"; };
		54B3E61F93FAE6A29E18E911 /* DuplicateScanViewModel.swift */ = {isa = PBXFileReference; lastKnownFileType = sourcecode.swift; path = DuplicateScanViewModel.swift; sourceTree = "<group>"; };
		55DB22001120CA1D977F2D22 /* SettingsView.swift */ = {isa = PBXFileReference; lastKnownFileType = sourcecode.swift; path = SettingsView.swift; sourceTree = "<group>"; };
		58F7CF159983299EE64C06C5 /* ActivityEvent.swift */ = {isa = PBXFileReference; lastKnownFileType = sourcecode.swift; path = ActivityEvent.swift; sourceTree = "<group>"; };
		5AEFB9CCF40215DA9778ED91 /* PluginsView.swift */ = {isa = PBXFileReference; lastKnownFileType = sourcecode.swift; path = PluginsView.swift; sourceTree = "<group>"; };
		6032C435F51A77975C1008D7 /* ImageDownsampler.swift */ = {isa = PBXFileReference; lastKnownFileType = sourcecode.swift; path = ImageDownsampler.swift; sourceTree = "<group>"; };
		64DB4339053B57ED7A535ED8 /* AppModel.swift */ = {isa = PBXFileReference; lastKnownFileType = sourcecode.swift; path = AppModel.swift; sourceTree = "<group>"; };
		72C4199C56747CD950398BF5 /* CoverThumb.swift */ = {isa = PBXFileReference; lastKnownFileType = sourcecode.swift; path = CoverThumb.swift; sourceTree = "<group>"; };
		76DFDA70F6C8EF04285A3BAE /* PairReviewView.swift */ = {isa = PBXFileReference; lastKnownFileType = sourcecode.swift; path = PairReviewView.swift; sourceTree = "<group>"; };
		76F557803B708694C1EF5904 /* Info.plist */ = {isa = PBXFileReference; lastKnownFileType = text.plist; path = Info.plist; sourceTree = "<group>"; };
		8590743AAA05E109BCF48A6E /* LibraryView.swift */ = {isa = PBXFileReference; lastKnownFileType = sourcecode.swift; path = LibraryView.swift; sourceTree = "<group>"; };
		8BFCDFAA8ABFDE74C7D3EC0D /* ConnectionHeaderCard.swift */ = {isa = PBXFileReference; lastKnownFileType = sourcecode.swift; path = ConnectionHeaderCard.swift; sourceTree = "<group>"; };
		92B6686EDCF99DFFC6D32B78 /* ArchiveLoader.swift */ = {isa = PBXFileReference; lastKnownFileType = sourcecode.swift; path = ArchiveLoader.swift; sourceTree = "<group>"; };
		93C3DC7516031BE8557B0B91 /* IndexingViewModel.swift */ = {isa = PBXFileReference; lastKnownFileType = sourcecode.swift; path = IndexingViewModel.swift; sourceTree = "<group>"; };
		99C7CE21E9CCBADBAD7844A7 /* NotMatchesView.swift */ = {isa = PBXFileReference; lastKnownFileType = sourcecode.swift; path = NotMatchesView.swift; sourceTree = "<group>"; };
		99CBA245A79722298EB8ADD5 /* AppPaths.swift */ = {isa = PBXFileReference; lastKnownFileType = sourcecode.swift; path = AppPaths.swift; sourceTree = "<group>"; };
		A9EC55E639FCDA50A382AA2A /* ReaderDirection.swift */ = {isa = PBXFileReference; lastKnownFileType = sourcecode.swift; path = ReaderDirection.swift; sourceTree = "<group>"; };
		B86D008FE0E3FC57FBA6B31A /* Profile.swift */ = {isa = PBXFileReference; lastKnownFileType = sourcecode.swift; path = Profile.swift; sourceTree = "<group>"; };
		CA2F400E81B9A7C645B84CDD /* ReaderFitMode.swift */ = {isa = PBXFileReference; lastKnownFileType = sourcecode.swift; path = ReaderFitMode.swift; sourceTree = "<group>"; };
		D02DE20BBA0EE2C6AF4692AB /* ProfileEditorMode.swift */ = {isa = PBXFileReference; lastKnownFileType = sourcecode.swift; path = ProfileEditorMode.swift; sourceTree = "<group>"; };
		D0705B9BBB876D1BB705AA53 /* ProfileStore.swift */ = {isa = PBXFileReference; lastKnownFileType = sourcecode.swift; path = ProfileStore.swift; sourceTree = "<group>"; };
		D0B4C016BE5ACCF114FD7456 /* ReaderRoute.swift */ = {isa = PBXFileReference; lastKnownFileType = sourcecode.swift; path = ReaderRoute.swift; sourceTree = "<group>"; };
		D3A8A1896B87FF041125DD84 /* KeychainService.swift */ = {isa = PBXFileReference; lastKnownFileType = sourcecode.swift; path = KeychainService.swift; sourceTree = "<group>"; };
		DD459C22BE11F681F28C2F38 /* ReaderView.swift */ = {isa = PBXFileReference; lastKnownFileType = sourcecode.swift; path = ReaderView.swift; sourceTree = "<group>"; };
		E21E702AD8E780D4140E265F /* StatisticsView.swift */ = {isa = PBXFileReference; lastKnownFileType = sourcecode.swift; path = StatisticsView.swift; sourceTree = "<group>"; };
		EA0092A389E3EFF8BEBF77C7 /* DebugFrameNumber.swift */ = {isa = PBXFileReference; lastKnownFileType = sourcecode.swift; path = DebugFrameNumber.swift; sourceTree = "<group>"; };
		EE2BADC8CB7C849ECEB31B07 /* ActivityStore.swift */ = {isa = PBXFileReference; lastKnownFileType = sourcecode.swift; path = ActivityStore.swift; sourceTree = "<group>"; };
		F1F2885B0666E3F9BE5689F9 /* LibraryViewModel.swift */ = {isa = PBXFileReference; lastKnownFileType = sourcecode.swift; path = LibraryViewModel.swift; sourceTree = "<group>"; };
		F4D929F9A0F9C6B65C283387 /* LanraragiKit */ = {isa = PBXFileReference; lastKnownFileType = folder; name = LanraragiKit; path = Packages/LanraragiKit; sourceTree = SOURCE_ROOT; };
		FF5978E02C65E10E0EEF7643 /* LanraragiDeskApp.swift */ = {isa = PBXFileReference; lastKnownFileType = sourcecode.swift; path = LanraragiDeskApp.swift; sourceTree = "<group>"; };
		FFD900A7362E768EBA9F7DB7 /* PluginsViewModel.swift */ = {isa = PBXFileReference; lastKnownFileType = sourcecode.swift; path = PluginsViewModel.swift; sourceTree = "<group>"; };
/* End PBXFileReference section */

/* Begin PBXFrameworksBuildPhase section */
		0AE0D1317BE1E0340D920335 /* Frameworks */ = {
			isa = PBXFrameworksBuildPhase;
			buildActionMask = 2147483647;
			files = (
				6EE68711387D794F38396D14 /* LanraragiKit in Frameworks */,
			);
			runOnlyForDeploymentPostprocessing = 0;
		};
/* End PBXFrameworksBuildPhase section */

/* Begin PBXGroup section */
		0357898A6296F5F09EB21DF0 /* Products */ = {
			isa = PBXGroup;
			children = (
				367FD6B12C893A96F63201E8 /* LanraragiDesk.app */,
			);
			name = Products;
			sourceTree = "<group>";
		};
		0843D7B30AA4724389BADA03 /* ViewModels */ = {
			isa = PBXGroup;
			children = (
				64DB4339053B57ED7A535ED8 /* AppModel.swift */,
				54B3E61F93FAE6A29E18E911 /* DuplicateScanViewModel.swift */,
				93C3DC7516031BE8557B0B91 /* IndexingViewModel.swift */,
				F1F2885B0666E3F9BE5689F9 /* LibraryViewModel.swift */,
				FFD900A7362E768EBA9F7DB7 /* PluginsViewModel.swift */,
				085B815307B1D671DBC3ABFF /* SelectionModel.swift */,
			);
			path = ViewModels;
			sourceTree = "<group>";
		};
		5B2AA8A19E02154C6D365EBC /* LanraragiDeskApp */ = {
			isa = PBXGroup;
			children = (
				FF5978E02C65E10E0EEF7643 /* LanraragiDeskApp.swift */,
				A1ECF872C46C10EE7A7EA0E2 /* Models */,
				5E873D8DBDF0DD97FB21A28E /* Resources */,
				D95B5510EEAFD181F553EB5C /* Services */,
				CAC542863F7A8848563F6057 /* UI */,
				0843D7B30AA4724389BADA03 /* ViewModels */,
			);
			name = LanraragiDeskApp;
			path = Sources/LanraragiDeskApp;
			sourceTree = "<group>";
		};
		5E873D8DBDF0DD97FB21A28E /* Resources */ = {
			isa = PBXGroup;
			children = (
				76F557803B708694C1EF5904 /* Info.plist */,
			);
			path = Resources;
			sourceTree = "<group>";
		};
		A1ECF872C46C10EE7A7EA0E2 /* Models */ = {
			isa = PBXGroup;
			children = (
				58F7CF159983299EE64C06C5 /* ActivityEvent.swift */,
				B86D008FE0E3FC57FBA6B31A /* Profile.swift */,
				D02DE20BBA0EE2C6AF4692AB /* ProfileEditorMode.swift */,
				A9EC55E639FCDA50A382AA2A /* ReaderDirection.swift */,
				CA2F400E81B9A7C645B84CDD /* ReaderFitMode.swift */,
				D0B4C016BE5ACCF114FD7456 /* ReaderRoute.swift */,
			);
			path = Models;
			sourceTree = "<group>";
		};
		A7A1CD4891181418913FA15A /* Components */ = {
			isa = PBXGroup;
			children = (
				8BFCDFAA8ABFDE74C7D3EC0D /* ConnectionHeaderCard.swift */,
				72C4199C56747CD950398BF5 /* CoverThumb.swift */,
				EA0092A389E3EFF8BEBF77C7 /* DebugFrameNumber.swift */,
			);
			path = Components;
			sourceTree = "<group>";
		};
		CAC542863F7A8848563F6057 /* UI */ = {
			isa = PBXGroup;
			children = (
				2A25853A38F0BC5127176B04 /* ActivityView.swift */,
				4A28E2C8C9D122163053F6A1 /* ArchiveMetadataEditorView.swift */,
				40493C363CC7F009DAFF416E /* BatchView.swift */,
				8590743AAA05E109BCF48A6E /* LibraryView.swift */,
				99C7CE21E9CCBADBAD7844A7 /* NotMatchesView.swift */,
				76DFDA70F6C8EF04285A3BAE /* PairReviewView.swift */,
				5AEFB9CCF40215DA9778ED91 /* PluginsView.swift */,
				53E76144EA3A608FC23C8A94 /* ProfileEditorView.swift */,
				DD459C22BE11F681F28C2F38 /* ReaderView.swift */,
				358F4E9A6F34DDEB4C2966B1 /* RootView.swift */,
				55DB22001120CA1D977F2D22 /* SettingsView.swift */,
				E21E702AD8E780D4140E265F /* StatisticsView.swift */,
				A7A1CD4891181418913FA15A /* Components */,
			);
			path = UI;
			sourceTree = "<group>";
		};
		CE99D07805C2693536945862 /* Packages */ = {
			isa = PBXGroup;
			children = (
				F4D929F9A0F9C6B65C283387 /* LanraragiKit */,
			);
			path = Packages;
			sourceTree = "<group>";
		};
		D95B5510EEAFD181F553EB5C /* Services */ = {
			isa = PBXGroup;
			children = (
				EE2BADC8CB7C849ECEB31B07 /* ActivityStore.swift */,
				99CBA245A79722298EB8ADD5 /* AppPaths.swift */,
				2EB1A7A3D3F4CAEBC2BDFB69 /* AppSettings.swift */,
				92B6686EDCF99DFFC6D32B78 /* ArchiveLoader.swift */,
				301B8E3B58DBC2553F8AF7D8 /* ErrorPresenter.swift */,
				6032C435F51A77975C1008D7 /* ImageDownsampler.swift */,
				D3A8A1896B87FF041125DD84 /* KeychainService.swift */,
				D0705B9BBB876D1BB705AA53 /* ProfileStore.swift */,
				1FFDF919F3AE218E040DC8AA /* TagSuggestionStore.swift */,
				459B7EE09D6D1F08753A893C /* ThumbnailLoader.swift */,
			);
			path = Services;
			sourceTree = "<group>";
		};
		E45B3594D7A108D91D672792 = {
			isa = PBXGroup;
			children = (
				5B2AA8A19E02154C6D365EBC /* LanraragiDeskApp */,
				CE99D07805C2693536945862 /* Packages */,
				0357898A6296F5F09EB21DF0 /* Products */,
			);
			sourceTree = "<group>";
		};
/* End PBXGroup section */

/* Begin PBXNativeTarget section */
		36C6289B53ACD56E63D46D91 /* LanraragiDesk */ = {
			isa = PBXNativeTarget;
			buildConfigurationList = FDF1369023BE674EBC025E66 /* Build configuration list for PBXNativeTarget "LanraragiDesk" */;
			buildPhases = (
				B8AFA0A619ED38F07B712DF9 /* Sources */,
				0AE0D1317BE1E0340D920335 /* Frameworks */,
			);
			buildRules = (
			);
			dependencies = (
			);
			name = LanraragiDesk;
			packageProductDependencies = (
				426F45F44E9E4A6E4A031FB6 /* LanraragiKit */,
			);
			productName = LanraragiDesk;
			productReference = 367FD6B12C893A96F63201E8 /* LanraragiDesk.app */;
			productType = "com.apple.product-type.application";
		};
/* End PBXNativeTarget section */

/* Begin PBXProject section */
		55F312868218BE3B34B6F507 /* Project object */ = {
			isa = PBXProject;
			attributes = {
				BuildIndependentTargetsInParallel = YES;
				LastUpgradeCheck = 1430;
			};
			buildConfigurationList = 0D91B0F6BC6AE0B68F7CE9A3 /* Build configuration list for PBXProject "LanraragiDesk" */;
			compatibilityVersion = "Xcode 14.0";
			developmentRegion = en;
			hasScannedForEncodings = 0;
			knownRegions = (
				Base,
				en,
			);
			mainGroup = E45B3594D7A108D91D672792;
			minimizedProjectReferenceProxies = 1;
			packageReferences = (
				6F925924303EC0D61F2EF959 /* XCLocalSwiftPackageReference "Packages/LanraragiKit" */,
			);
			preferredProjectObjectVersion = 77;
			projectDirPath = "";
			projectRoot = "";
			targets = (
				36C6289B53ACD56E63D46D91 /* LanraragiDesk */,
			);
		};
/* End PBXProject section */

/* Begin PBXSourcesBuildPhase section */
		B8AFA0A619ED38F07B712DF9 /* Sources */ = {
			isa = PBXSourcesBuildPhase;
			buildActionMask = 2147483647;
			files = (
				4F936559E518E116AD570EFD /* ActivityEvent.swift in Sources */,
				44067B787F238A575A8D41E2 /* ActivityStore.swift in Sources */,
				312DD4B589175DEA77C410C6 /* ActivityView.swift in Sources */,
				462D167127B78592933CCE35 /* AppModel.swift in Sources */,
				6FACD0CFFB200075847A6B9C /* AppPaths.swift in Sources */,
				761D1B8EA5AA5B4393BF2DEC /* AppSettings.swift in Sources */,
				832E8A0D72B1728D28B249D3 /* ArchiveLoader.swift in Sources */,
				E5E8202DF4A40005368F7C48 /* ArchiveMetadataEditorView.swift in Sources */,
				969C5A238935EE3AC7799BA0 /* BatchView.swift in Sources */,
				96D5A2C599CC0A85C3973D9C /* ConnectionHeaderCard.swift in Sources */,
				58B951D7DC8BBF39CCCFC850 /* CoverThumb.swift in Sources */,
				56699C58563F360A17193162 /* DebugFrameNumber.swift in Sources */,
				5113E07D4F781D2AA690F2D9 /* DuplicateScanViewModel.swift in Sources */,
				ECF1462FD0BB7D27A7E48FE3 /* ErrorPresenter.swift in Sources */,
				9DDDA0347F89382A644FB753 /* ImageDownsampler.swift in Sources */,
				7542369653C2D01A55CA1E70 /* IndexingViewModel.swift in Sources */,
				DDDB37F2CDB1F904FAFF1F3C /* KeychainService.swift in Sources */,
				357E6825CEFEFA8EA5B45966 /* LanraragiDeskApp.swift in Sources */,
				9789B431AA03054EAF70EF31 /* LibraryView.swift in Sources */,
				2CC4FCA30B43919EBE99690B /* LibraryViewModel.swift in Sources */,
				4CF1B22A3D290E0F65F546D7 /* NotMatchesView.swift in Sources */,
				B276D2843F10809C7F019FCD /* PairReviewView.swift in Sources */,
				90FB6505F5E662992751636C /* PluginsView.swift in Sources */,
				3698660AF1E0714F3D6AD2D1 /* PluginsViewModel.swift in Sources */,
				E53EB607E67003100933762A /* Profile.swift in Sources */,
				81121218A63AD524889E730E /* ProfileEditorMode.swift in Sources */,
				DE9EFC3A45B2EDD7BBEEF9A0 /* ProfileEditorView.swift in Sources */,
				F71E979E397E14D574791B80 /* ProfileStore.swift in Sources */,
				DD475A3240478B7C7950CDE2 /* ReaderDirection.swift in Sources */,
				A61E0D2D3C11ED4C7489E96D /* ReaderFitMode.swift in Sources */,
				7065DE50731D88BE5A3F6C36 /* ReaderRoute.swift in Sources */,
				130862FF85B509435312CB5E /* ReaderView.swift in Sources */,
				FA5BDE6D31A4CC65C617F51F /* RootView.swift in Sources */,
				620299CE6B0D63E89CD8F9CF /* SelectionModel.swift in Sources */,
				5B9F2A7E4BF06F067B673D03 /* SettingsView.swift in Sources */,
				7E613CA1B3641F9B7D503358 /* StatisticsView.swift in Sources */,
				4984C7D6A3203AFF6C091E10 /* TagSuggestionStore.swift in Sources */,
				6B35F39BF0AD26CD55A13641 /* ThumbnailLoader.swift in Sources */,
			);
			runOnlyForDeploymentPostprocessing = 0;
		};
/* End PBXSourcesBuildPhase section */

/* Begin XCBuildConfiguration section */
		3B27D3B67E153CE6E93C3399 /* Release */ = {
			isa = XCBuildConfiguration;
			buildSettings = {
				ASSETCATALOG_COMPILER_APPICON_NAME = AppIcon;
				COMBINE_HIDPI_IMAGES = YES;
				INFOPLIST_FILE = Sources/LanraragiDeskApp/Resources/Info.plist;
				LD_RUNPATH_SEARCH_PATHS = (
					"$(inherited)",
					"@executable_path/../Frameworks",
				);
				MACOSX_DEPLOYMENT_TARGET = 14.0;
				PRODUCT_BUNDLE_IDENTIFIER = us.cstriker.lanraragidesk;
				SDKROOT = macosx;
			};
			name = Release;
		};
		780C57288D013BB1C339C533 /* Release */ = {
			isa = XCBuildConfiguration;
			buildSettings = {
				ALWAYS_SEARCH_USER_PATHS = NO;
				CLANG_ANALYZER_NONNULL = YES;
				CLANG_ANALYZER_NUMBER_OBJECT_CONVERSION = YES_AGGRESSIVE;
				CLANG_CXX_LANGUAGE_STANDARD = "gnu++14";
				CLANG_CXX_LIBRARY = "libc++";
				CLANG_ENABLE_MODULES = YES;
				CLANG_ENABLE_OBJC_ARC = YES;
				CLANG_ENABLE_OBJC_WEAK = YES;
				CLANG_WARN_BLOCK_CAPTURE_AUTORELEASING = YES;
				CLANG_WARN_BOOL_CONVERSION = YES;
				CLANG_WARN_COMMA = YES;
				CLANG_WARN_CONSTANT_CONVERSION = YES;
				CLANG_WARN_DEPRECATED_OBJC_IMPLEMENTATIONS = YES;
				CLANG_WARN_DIRECT_OBJC_ISA_USAGE = YES_ERROR;
				CLANG_WARN_DOCUMENTATION_COMMENTS = YES;
				CLANG_WARN_EMPTY_BODY = YES;
				CLANG_WARN_ENUM_CONVERSION = YES;
				CLANG_WARN_INFINITE_RECURSION = YES;
				CLANG_WARN_INT_CONVERSION = YES;
				CLANG_WARN_NON_LITERAL_NULL_CONVERSION = YES;
				CLANG_WARN_OBJC_IMPLICIT_RETAIN_SELF = YES;
				CLANG_WARN_OBJC_LITERAL_CONVERSION = YES;
				CLANG_WARN_OBJC_ROOT_CLASS = YES_ERROR;
				CLANG_WARN_QUOTED_INCLUDE_IN_FRAMEWORK_HEADER = YES;
				CLANG_WARN_RANGE_LOOP_ANALYSIS = YES;
				CLANG_WARN_STRICT_PROTOTYPES = YES;
				CLANG_WARN_SUSPICIOUS_MOVE = YES;
				CLANG_WARN_UNGUARDED_AVAILABILITY = YES_AGGRESSIVE;
				CLANG_WARN_UNREACHABLE_CODE = YES;
				CLANG_WARN__DUPLICATE_METHOD_MATCH = YES;
				COPY_PHASE_STRIP = NO;
				DEBUG_INFORMATION_FORMAT = "dwarf-with-dsym";
				ENABLE_NS_ASSERTIONS = NO;
				ENABLE_STRICT_OBJC_MSGSEND = YES;
				GCC_C_LANGUAGE_STANDARD = gnu11;
				GCC_NO_COMMON_BLOCKS = YES;
				GCC_TREAT_WARNINGS_AS_ERRORS = YES;
				GCC_WARN_64_TO_32_BIT_CONVERSION = YES;
				GCC_WARN_ABOUT_RETURN_TYPE = YES_ERROR;
				GCC_WARN_UNDECLARED_SELECTOR = YES;
				GCC_WARN_UNINITIALIZED_AUTOS = YES_AGGRESSIVE;
				GCC_WARN_UNUSED_FUNCTION = YES;
				GCC_WARN_UNUSED_VARIABLE = YES;
				MACOSX_DEPLOYMENT_TARGET = 14.0;
				MTL_ENABLE_DEBUG_INFO = NO;
				MTL_FAST_MATH = YES;
				PRODUCT_NAME = "$(TARGET_NAME)";
				SDKROOT = macosx;
				SWIFT_COMPILATION_MODE = wholemodule;
				SWIFT_OPTIMIZATION_LEVEL = "-O";
				SWIFT_TREAT_WARNINGS_AS_ERRORS = YES;
				SWIFT_VERSION = 6.0;
			};
			name = Release;
		};
		9B601CAFB59FE99091DA099E /* Debug */ = {
			isa = XCBuildConfiguration;
			buildSettings = {
				ALWAYS_SEARCH_USER_PATHS = NO;
				CLANG_ANALYZER_NONNULL = YES;
				CLANG_ANALYZER_NUMBER_OBJECT_CONVERSION = YES_AGGRESSIVE;
				CLANG_CXX_LANGUAGE_STANDARD = "gnu++14";
				CLANG_CXX_LIBRARY = "libc++";
				CLANG_ENABLE_MODULES = YES;
				CLANG_ENABLE_OBJC_ARC = YES;
				CLANG_ENABLE_OBJC_WEAK = YES;
				CLANG_WARN_BLOCK_CAPTURE_AUTORELEASING = YES;
				CLANG_WARN_BOOL_CONVERSION = YES;
				CLANG_WARN_COMMA = YES;
				CLANG_WARN_CONSTANT_CONVERSION = YES;
				CLANG_WARN_DEPRECATED_OBJC_IMPLEMENTATIONS = YES;
				CLANG_WARN_DIRECT_OBJC_ISA_USAGE = YES_ERROR;
				CLANG_WARN_DOCUMENTATION_COMMENTS = YES;
				CLANG_WARN_EMPTY_BODY = YES;
				CLANG_WARN_ENUM_CONVERSION = YES;
				CLANG_WARN_INFINITE_RECURSION = YES;
				CLANG_WARN_INT_CONVERSION = YES;
				CLANG_WARN_NON_LITERAL_NULL_CONVERSION = YES;
				CLANG_WARN_OBJC_IMPLICIT_RETAIN_SELF = YES;
				CLANG_WARN_OBJC_LITERAL_CONVERSION = YES;
				CLANG_WARN_OBJC_ROOT_CLASS = YES_ERROR;
				CLANG_WARN_QUOTED_INCLUDE_IN_FRAMEWORK_HEADER = YES;
				CLANG_WARN_RANGE_LOOP_ANALYSIS = YES;
				CLANG_WARN_STRICT_PROTOTYPES = YES;
				CLANG_WARN_SUSPICIOUS_MOVE = YES;
				CLANG_WARN_UNGUARDED_AVAILABILITY = YES_AGGRESSIVE;
				CLANG_WARN_UNREACHABLE_CODE = YES;
				CLANG_WARN__DUPLICATE_METHOD_MATCH = YES;
				COPY_PHASE_STRIP = NO;
				DEBUG_INFORMATION_FORMAT = dwarf;
				ENABLE_STRICT_OBJC_MSGSEND = YES;
				ENABLE_TESTABILITY = YES;
				GCC_C_LANGUAGE_STANDARD = gnu11;
				GCC_DYNAMIC_NO_PIC = NO;
				GCC_NO_COMMON_BLOCKS = YES;
				GCC_OPTIMIZATION_LEVEL = 0;
				GCC_PREPROCESSOR_DEFINITIONS = (
					"$(inherited)",
					"DEBUG=1",
				);
				GCC_TREAT_WARNINGS_AS_ERRORS = YES;
				GCC_WARN_64_TO_32_BIT_CONVERSION = YES;
				GCC_WARN_ABOUT_RETURN_TYPE = YES_ERROR;
				GCC_WARN_UNDECLARED_SELECTOR = YES;
				GCC_WARN_UNINITIALIZED_AUTOS = YES_AGGRESSIVE;
				GCC_WARN_UNUSED_FUNCTION = YES;
				GCC_WARN_UNUSED_VARIABLE = YES;
				MACOSX_DEPLOYMENT_TARGET = 14.0;
				MTL_ENABLE_DEBUG_INFO = INCLUDE_SOURCE;
				MTL_FAST_MATH = YES;
				ONLY_ACTIVE_ARCH = YES;
				PRODUCT_NAME = "$(TARGET_NAME)";
				SDKROOT = macosx;
				SWIFT_ACTIVE_COMPILATION_CONDITIONS = DEBUG;
				SWIFT_OPTIMIZATION_LEVEL = "-Onone";
				SWIFT_TREAT_WARNINGS_AS_ERRORS = YES;
				SWIFT_VERSION = 6.0;
			};
			name = Debug;
		};
		DFE60C0929D085583F4280A6 /* Debug */ = {
			isa = XCBuildConfiguration;
			buildSettings = {
				ASSETCATALOG_COMPILER_APPICON_NAME = AppIcon;
				COMBINE_HIDPI_IMAGES = YES;
				INFOPLIST_FILE = Sources/LanraragiDeskApp/Resources/Info.plist;
				LD_RUNPATH_SEARCH_PATHS = (
					"$(inherited)",
					"@executable_path/../Frameworks",
				);
				MACOSX_DEPLOYMENT_TARGET = 14.0;
				PRODUCT_BUNDLE_IDENTIFIER = us.cstriker.lanraragidesk;
				SDKROOT = macosx;
			};
			name = Debug;
		};
/* End XCBuildConfiguration section */

/* Begin XCConfigurationList section */
		0D91B0F6BC6AE0B68F7CE9A3 /* Build configuration list for PBXProject "LanraragiDesk" */ = {
			isa = XCConfigurationList;
			buildConfigurations = (
				9B601CAFB59FE99091DA099E /* Debug */,
				780C57288D013BB1C339C533 /* Release */,
			);
			defaultConfigurationIsVisible = 0;
			defaultConfigurationName = Debug;
		};
		FDF1369023BE674EBC025E66 /* Build configuration list for PBXNativeTarget "LanraragiDesk" */ = {
			isa = XCConfigurationList;
			buildConfigurations = (
				DFE60C0929D085583F4280A6 /* Debug */,
				3B27D3B67E153CE6E93C3399 /* Release */,
			);
			defaultConfigurationIsVisible = 0;
			defaultConfigurationName = Debug;
		};
/* End XCConfigurationList section */

/* Begin XCLocalSwiftPackageReference section */
		6F925924303EC0D61F2EF959 /* XCLocalSwiftPackageReference "Packages/LanraragiKit" */ = {
			isa = XCLocalSwiftPackageReference;
			relativePath = Packages/LanraragiKit;
		};
/* End XCLocalSwiftPackageReference section */

/* Begin XCSwiftPackageProductDependency section */
		426F45F44E9E4A6E4A031FB6 /* LanraragiKit */ = {
			isa = XCSwiftPackageProductDependency;
			productName = LanraragiKit;
		};
/* End XCSwiftPackageProductDependency section */
	};
	rootObject = 55F312868218BE3B34B6F507 /* Project object */;
}
